
Microsoft Visual Studio Solution File, Format Version 12.00
# Visual Studio Version 17
VisualStudioVersion = 17.8.34330.188
MinimumVisualStudioVersion = 10.0.40219.1
Project("{FAE04EC0-301F-11D3-BF4B-00C04F79EFBC}") = "Lab_1", "Lab_1\Lab_1.csproj", "{CA1A2051-241F-42EC-B34C-E3B7F261048B}"
EndProject
Global
	GlobalSection(SolutionConfigurationPlatforms) = preSolution
		Debug|Any CPU = Debug|Any CPU
		Release|Any CPU = Release|Any CPU
	EndGlobalSection
	GlobalSection(ProjectConfigurationPlatforms) = postSolution
		{CA1A2051-241F-42EC-B34C-E3B7F261048B}.Debug|Any CPU.ActiveCfg = Debug|Any CPU
		{CA1A2051-241F-42EC-B34C-E3B7F261048B}.Debug|Any CPU.Build.0 = Debug|Any CPU
		{CA1A2051-241F-42EC-B34C-E3B7F261048B}.Release|Any CPU.ActiveCfg = Release|Any CPU
		{CA1A2051-241F-42EC-B34C-E3B7F261048B}.Release|Any CPU.Build.0 = Release|Any CPU
	EndGlobalSection
	GlobalSection(SolutionProperties) = preSolution
		HideSolutionNode = FALSE
	EndGlobalSection
	GlobalSection(ExtensibilityGlobals) = postSolution
		SolutionGuid = {B46B2B94-420E-4E41-B150-BEEFF90F694F}
	EndGlobalSection
EndGlobal
